// !$*UTF8*$!
{
	archiveVersion = 1;
	classes = {
	};
	objectVersion = 77;
	objects = {

/* Begin PBXContainerItemProxy section */
		AB77FA6A2D51189800FD7134 /* PBXContainerItemProxy */ = {
			isa = PBXContainerItemProxy;
			containerPortal = AB77FA4C2D51189600FD7134 /* Project object */;
			proxyType = 1;
			remoteGlobalIDString = AB77FA532D51189600FD7134;
			remoteInfo = Swift_Movie_Library;
		};
		AB77FA742D51189800FD7134 /* PBXContainerItemProxy */ = {
			isa = PBXContainerItemProxy;
			containerPortal = AB77FA4C2D51189600FD7134 /* Project object */;
			proxyType = 1;
			remoteGlobalIDString = AB77FA532D51189600FD7134;
			remoteInfo = Swift_Movie_Library;
		};
/* End PBXContainerItemProxy section */

/* Begin PBXFileReference section */
		AB77FA542D51189600FD7134 /* Swift_Movie_Library.app */ = {isa = PBXFileReference; explicitFileType = wrapper.application; includeInIndex = 0; path = Swift_Movie_Library.app; sourceTree = BUILT_PRODUCTS_DIR; };
		AB77FA692D51189800FD7134 /* Swift_Movie_LibraryTests.xctest */ = {isa = PBXFileReference; explicitFileType = wrapper.cfbundle; includeInIndex = 0; path = Swift_Movie_LibraryTests.xctest; sourceTree = BUILT_PRODUCTS_DIR; };
		AB77FA732D51189800FD7134 /* Swift_Movie_LibraryUITests.xctest */ = {isa = PBXFileReference; explicitFileType = wrapper.cfbundle; includeInIndex = 0; path = Swift_Movie_LibraryUITests.xctest; sourceTree = BUILT_PRODUCTS_DIR; };
/* End PBXFileReference section */

/* Begin PBXFileSystemSynchronizedRootGroup section */
		AB77FA562D51189600FD7134 /* Swift_Movie_Library */ = {
			isa = PBXFileSystemSynchronizedRootGroup;
			path = Swift_Movie_Library;
			sourceTree = "<group>";
		};
		AB77FA6C2D51189800FD7134 /* Swift_Movie_LibraryTests */ = {
			isa = PBXFileSystemSynchronizedRootGroup;
			path = Swift_Movie_LibraryTests;
			sourceTree = "<group>";
		};
		AB77FA762D51189800FD7134 /* Swift_Movie_LibraryUITests */ = {
			isa = PBXFileSystemSynchronizedRootGroup;
			path = Swift_Movie_LibraryUITests;
			sourceTree = "<group>";
		};
/* End PBXFileSystemSynchronizedRootGroup section */

/* Begin PBXFrameworksBuildPhase section */
		AB77FA512D51189600FD7134 /* Frameworks */ = {
			isa = PBXFrameworksBuildPhase;
			buildActionMask = 2147483647;
			files = (
			);
			runOnlyForDeploymentPostprocessing = 0;
		};
		AB77FA662D51189800FD7134 /* Frameworks */ = {
			isa = PBXFrameworksBuildPhase;
			buildActionMask = 2147483647;
			files = (
			);
			runOnlyForDeploymentPostprocessing = 0;
		};
		AB77FA702D51189800FD7134 /* Frameworks */ = {
			isa = PBXFrameworksBuildPhase;
			buildActionMask = 2147483647;
			files = (
			);
			runOnlyForDeploymentPostprocessing = 0;
		};
/* End PBXFrameworksBuildPhase section */

/* Begin PBXGroup section */
		AB77FA4B2D51189600FD7134 = {
			isa = PBXGroup;
			children = (
				AB77FA562D51189600FD7134 /* Swift_Movie_Library */,
				AB77FA6C2D51189800FD7134 /* Swift_Movie_LibraryTests */,
				AB77FA762D51189800FD7134 /* Swift_Movie_LibraryUITests */,
				AB77FA552D51189600FD7134 /* Products */,
			);
			sourceTree = "<group>";
		};
		AB77FA552D51189600FD7134 /* Products */ = {
			isa = PBXGroup;
			children = (
				AB77FA542D51189600FD7134 /* Swift_Movie_Library.app */,
				AB77FA692D51189800FD7134 /* Swift_Movie_LibraryTests.xctest */,
				AB77FA732D51189800FD7134 /* Swift_Movie_LibraryUITests.xctest */,
			);
			name = Products;
			sourceTree = "<group>";
		};
/* End PBXGroup section */

/* Begin PBXNativeTarget section */
		AB77FA532D51189600FD7134 /* Swift_Movie_Library */ = {
			isa = PBXNativeTarget;
			buildConfigurationList = AB77FA7D2D51189800FD7134 /* Build configuration list for PBXNativeTarget "Swift_Movie_Library" */;
			buildPhases = (
				AB77FA502D51189600FD7134 /* Sources */,
				AB77FA512D51189600FD7134 /* Frameworks */,
				AB77FA522D51189600FD7134 /* Resources */,
			);
			buildRules = (
			);
			dependencies = (
			);
			fileSystemSynchronizedGroups = (
				AB77FA562D51189600FD7134 /* Swift_Movie_Library */,
			);
			name = Swift_Movie_Library;
			packageProductDependencies = (
			);
			productName = Swift_Movie_Library;
			productReference = AB77FA542D51189600FD7134 /* Swift_Movie_Library.app */;
			productType = "com.apple.product-type.application";
		};
		AB77FA682D51189800FD7134 /* Swift_Movie_LibraryTests */ = {
			isa = PBXNativeTarget;
			buildConfigurationList = AB77FA802D51189800FD7134 /* Build configuration list for PBXNativeTarget "Swift_Movie_LibraryTests" */;
			buildPhases = (
				AB77FA652D51189800FD7134 /* Sources */,
				AB77FA662D51189800FD7134 /* Frameworks */,
				AB77FA672D51189800FD7134 /* Resources */,
			);
			buildRules = (
			);
			dependencies = (
				AB77FA6B2D51189800FD7134 /* PBXTargetDependency */,
			);
			fileSystemSynchronizedGroups = (
				AB77FA6C2D51189800FD7134 /* Swift_Movie_LibraryTests */,
			);
			name = Swift_Movie_LibraryTests;
			packageProductDependencies = (
			);
			productName = Swift_Movie_LibraryTests;
			productReference = AB77FA692D51189800FD7134 /* Swift_Movie_LibraryTests.xctest */;
			productType = "com.apple.product-type.bundle.unit-test";
		};
		AB77FA722D51189800FD7134 /* Swift_Movie_LibraryUITests */ = {
			isa = PBXNativeTarget;
			buildConfigurationList = AB77FA832D51189800FD7134 /* Build configuration list for PBXNativeTarget "Swift_Movie_LibraryUITests" */;
			buildPhases = (
				AB77FA6F2D51189800FD7134 /* Sources */,
				AB77FA702D51189800FD7134 /* Frameworks */,
				AB77FA712D51189800FD7134 /* Resources */,
			);
			buildRules = (
			);
			dependencies = (
				AB77FA752D51189800FD7134 /* PBXTargetDependency */,
			);
			fileSystemSynchronizedGroups = (
				AB77FA762D51189800FD7134 /* Swift_Movie_LibraryUITests */,
			);
			name = Swift_Movie_LibraryUITests;
			packageProductDependencies = (
			);
			productName = Swift_Movie_LibraryUITests;
			productReference = AB77FA732D51189800FD7134 /* Swift_Movie_LibraryUITests.xctest */;
			productType = "com.apple.product-type.bundle.ui-testing";
		};
/* End PBXNativeTarget section */

/* Begin PBXProject section */
		AB77FA4C2D51189600FD7134 /* Project object */ = {
			isa = PBXProject;
			attributes = {
				BuildIndependentTargetsInParallel = 1;
				LastSwiftUpdateCheck = 1620;
				LastUpgradeCheck = 1620;
				TargetAttributes = {
					AB77FA532D51189600FD7134 = {
						CreatedOnToolsVersion = 16.2;
					};
					AB77FA682D51189800FD7134 = {
						CreatedOnToolsVersion = 16.2;
						TestTargetID = AB77FA532D51189600FD7134;
					};
					AB77FA722D51189800FD7134 = {
						CreatedOnToolsVersion = 16.2;
						TestTargetID = AB77FA532D51189600FD7134;
					};
				};
			};
			buildConfigurationList = AB77FA4F2D51189600FD7134 /* Build configuration list for PBXProject "Swift_Movie_Library" */;
			developmentRegion = en;
			hasScannedForEncodings = 0;
			knownRegions = (
				en,
				Base,
			);
			mainGroup = AB77FA4B2D51189600FD7134;
			minimizedProjectReferenceProxies = 1;
			preferredProjectObjectVersion = 77;
			productRefGroup = AB77FA552D51189600FD7134 /* Products */;
			projectDirPath = "";
			projectRoot = "";
			targets = (
				AB77FA532D51189600FD7134 /* Swift_Movie_Library */,
				AB77FA682D51189800FD7134 /* Swift_Movie_LibraryTests */,
				AB77FA722D51189800FD7134 /* Swift_Movie_LibraryUITests */,
			);
		};
/* End PBXProject section */

/* Begin PBXResourcesBuildPhase section */
		AB77FA522D51189600FD7134 /* Resources */ = {
			isa = PBXResourcesBuildPhase;
			buildActionMask = 2147483647;
			files = (
			);
			runOnlyForDeploymentPostprocessing = 0;
		};
		AB77FA672D51189800FD7134 /* Resources */ = {
			isa = PBXResourcesBuildPhase;
			buildActionMask = 2147483647;
			files = (
			);
			runOnlyForDeploymentPostprocessing = 0;
		};
		AB77FA712D51189800FD7134 /* Resources */ = {
			isa = PBXResourcesBuildPhase;
			buildActionMask = 2147483647;
			files = (
			);
			runOnlyForDeploymentPostprocessing = 0;
		};
/* End PBXResourcesBuildPhase section */

/* Begin PBXSourcesBuildPhase section */
		AB77FA502D51189600FD7134 /* Sources */ = {
			isa = PBXSourcesBuildPhase;
			buildActionMask = 2147483647;
			files = (
			);
			runOnlyForDeploymentPostprocessing = 0;
		};
		AB77FA652D51189800FD7134 /* Sources */ = {
			isa = PBXSourcesBuildPhase;
			buildActionMask = 2147483647;
			files = (
			);
			runOnlyForDeploymentPostprocessing = 0;
		};
		AB77FA6F2D51189800FD7134 /* Sources */ = {
			isa = PBXSourcesBuildPhase;
			buildActionMask = 2147483647;
			files = (
			);
			runOnlyForDeploymentPostprocessing = 0;
		};
/* End PBXSourcesBuildPhase section */

/* Begin PBXTargetDependency section */
		AB77FA6B2D51189800FD7134 /* PBXTargetDependency */ = {
			isa = PBXTargetDependency;
			target = AB77FA532D51189600FD7134 /* Swift_Movie_Library */;
			targetProxy = AB77FA6A2D51189800FD7134 /* PBXContainerItemProxy */;
		};
		AB77FA752D51189800FD7134 /* PBXTargetDependency */ = {
			isa = PBXTargetDependency;
			target = AB77FA532D51189600FD7134 /* Swift_Movie_Library */;
			targetProxy = AB77FA742D51189800FD7134 /* PBXContainerItemProxy */;
		};
/* End PBXTargetDependency section */

/* Begin XCBuildConfiguration section */
		AB77FA7B2D51189800FD7134 /* Debug */ = {
			isa = XCBuildConfiguration;
			buildSettings = {
				ALWAYS_SEARCH_USER_PATHS = NO;
				ASSETCATALOG_COMPILER_GENERATE_SWIFT_ASSET_SYMBOL_EXTENSIONS = YES;
				CLANG_ANALYZER_NONNULL = YES;
				CLANG_ANALYZER_NUMBER_OBJECT_CONVERSION = YES_AGGRESSIVE;
				CLANG_CXX_LANGUAGE_STANDARD = "gnu++20";
				CLANG_ENABLE_MODULES = YES;
				CLANG_ENABLE_OBJC_ARC = YES;
				CLANG_ENABLE_OBJC_WEAK = YES;
				CLANG_WARN_BLOCK_CAPTURE_AUTORELEASING = YES;
				CLANG_WARN_BOOL_CONVERSION = YES;
				CLANG_WARN_COMMA = YES;
				CLANG_WARN_CONSTANT_CONVERSION = YES;
				CLANG_WARN_DEPRECATED_OBJC_IMPLEMENTATIONS = YES;
				CLANG_WARN_DIRECT_OBJC_ISA_USAGE = YES_ERROR;
				CLANG_WARN_DOCUMENTATION_COMMENTS = YES;
				CLANG_WARN_EMPTY_BODY = YES;
				CLANG_WARN_ENUM_CONVERSION = YES;
				CLANG_WARN_INFINITE_RECURSION = YES;
				CLANG_WARN_INT_CONVERSION = YES;
				CLANG_WARN_NON_LITERAL_NULL_CONVERSION = YES;
				CLANG_WARN_OBJC_IMPLICIT_RETAIN_SELF = YES;
				CLANG_WARN_OBJC_LITERAL_CONVERSION = YES;
				CLANG_WARN_OBJC_ROOT_CLASS = YES_ERROR;
				CLANG_WARN_QUOTED_INCLUDE_IN_FRAMEWORK_HEADER = YES;
				CLANG_WARN_RANGE_LOOP_ANALYSIS = YES;
				CLANG_WARN_STRICT_PROTOTYPES = YES;
				CLANG_WARN_SUSPICIOUS_MOVE = YES;
				CLANG_WARN_UNGUARDED_AVAILABILITY = YES_AGGRESSIVE;
				CLANG_WARN_UNREACHABLE_CODE = YES;
				CLANG_WARN__DUPLICATE_METHOD_MATCH = YES;
				COPY_PHASE_STRIP = NO;
				DEBUG_INFORMATION_FORMAT = dwarf;
				ENABLE_STRICT_OBJC_MSGSEND = YES;
				ENABLE_TESTABILITY = YES;
				ENABLE_USER_SCRIPT_SANDBOXING = YES;
				GCC_C_LANGUAGE_STANDARD = gnu17;
				GCC_DYNAMIC_NO_PIC = NO;
				GCC_NO_COMMON_BLOCKS = YES;
				GCC_OPTIMIZATION_LEVEL = 0;
				GCC_PREPROCESSOR_DEFINITIONS = (
					"DEBUG=1",
					"$(inherited)",
				);
				GCC_WARN_64_TO_32_BIT_CONVERSION = YES;
				GCC_WARN_ABOUT_RETURN_TYPE = YES_ERROR;
				GCC_WARN_UNDECLARED_SELECTOR = YES;
				GCC_WARN_UNINITIALIZED_AUTOS = YES_AGGRESSIVE;
				GCC_WARN_UNUSED_FUNCTION = YES;
				GCC_WARN_UNUSED_VARIABLE = YES;
				IPHONEOS_DEPLOYMENT_TARGET = 18.2;
				LOCALIZATION_PREFERS_STRING_CATALOGS = YES;
				MTL_ENABLE_DEBUG_INFO = INCLUDE_SOURCE;
				MTL_FAST_MATH = YES;
				ONLY_ACTIVE_ARCH = YES;
				SDKROOT = iphoneos;
				SWIFT_ACTIVE_COMPILATION_CONDITIONS = "DEBUG $(inherited)";
				SWIFT_OPTIMIZATION_LEVEL = "-Onone";
			};
			name = Debug;
		};
		AB77FA7C2D51189800FD7134 /* Release */ = {
			isa = XCBuildConfiguration;
			buildSettings = {
				ALWAYS_SEARCH_USER_PATHS = NO;
				ASSETCATALOG_COMPILER_GENERATE_SWIFT_ASSET_SYMBOL_EXTENSIONS = YES;
				CLANG_ANALYZER_NONNULL = YES;
				CLANG_ANALYZER_NUMBER_OBJECT_CONVERSION = YES_AGGRESSIVE;
				CLANG_CXX_LANGUAGE_STANDARD = "gnu++20";
				CLANG_ENABLE_MODULES = YES;
				CLANG_ENABLE_OBJC_ARC = YES;
				CLANG_ENABLE_OBJC_WEAK = YES;
				CLANG_WARN_BLOCK_CAPTURE_AUTORELEASING = YES;
				CLANG_WARN_BOOL_CONVERSION = YES;
				CLANG_WARN_COMMA = YES;
				CLANG_WARN_CONSTANT_CONVERSION = YES;
				CLANG_WARN_DEPRECATED_OBJC_IMPLEMENTATIONS = YES;
				CLANG_WARN_DIRECT_OBJC_ISA_USAGE = YES_ERROR;
				CLANG_WARN_DOCUMENTATION_COMMENTS = YES;
				CLANG_WARN_EMPTY_BODY = YES;
				CLANG_WARN_ENUM_CONVERSION = YES;
				CLANG_WARN_INFINITE_RECURSION = YES;
				CLANG_WARN_INT_CONVERSION = YES;
				CLANG_WARN_NON_LITERAL_NULL_CONVERSION = YES;
				CLANG_WARN_OBJC_IMPLICIT_RETAIN_SELF = YES;
				CLANG_WARN_OBJC_LITERAL_CONVERSION = YES;
				CLANG_WARN_OBJC_ROOT_CLASS = YES_ERROR;
				CLANG_WARN_QUOTED_INCLUDE_IN_FRAMEWORK_HEADER = YES;
				CLANG_WARN_RANGE_LOOP_ANALYSIS = YES;
				CLANG_WARN_STRICT_PROTOTYPES = YES;
				CLANG_WARN_SUSPICIOUS_MOVE = YES;
				CLANG_WARN_UNGUARDED_AVAILABILITY = YES_AGGRESSIVE;
				CLANG_WARN_UNREACHABLE_CODE = YES;
				CLANG_WARN__DUPLICATE_METHOD_MATCH = YES;
				COPY_PHASE_STRIP = NO;
				DEBUG_INFORMATION_FORMAT = "dwarf-with-dsym";
				ENABLE_NS_ASSERTIONS = NO;
				ENABLE_STRICT_OBJC_MSGSEND = YES;
				ENABLE_USER_SCRIPT_SANDBOXING = YES;
				GCC_C_LANGUAGE_STANDARD = gnu17;
				GCC_NO_COMMON_BLOCKS = YES;
				GCC_WARN_64_TO_32_BIT_CONVERSION = YES;
				GCC_WARN_ABOUT_RETURN_TYPE = YES_ERROR;
				GCC_WARN_UNDECLARED_SELECTOR = YES;
				GCC_WARN_UNINITIALIZED_AUTOS = YES_AGGRESSIVE;
				GCC_WARN_UNUSED_FUNCTION = YES;
				GCC_WARN_UNUSED_VARIABLE = YES;
				IPHONEOS_DEPLOYMENT_TARGET = 18.2;
				LOCALIZATION_PREFERS_STRING_CATALOGS = YES;
				MTL_ENABLE_DEBUG_INFO = NO;
				MTL_FAST_MATH = YES;
				SDKROOT = iphoneos;
				SWIFT_COMPILATION_MODE = wholemodule;
				VALIDATE_PRODUCT = YES;
			};
			name = Release;
		};
		AB77FA7E2D51189800FD7134 /* Debug */ = {
			isa = XCBuildConfiguration;
			buildSettings = {
				ASSETCATALOG_COMPILER_APPICON_NAME = AppIcon;
				ASSETCATALOG_COMPILER_GLOBAL_ACCENT_COLOR_NAME = AccentColor;
				CODE_SIGN_STYLE = Automatic;
				CURRENT_PROJECT_VERSION = 1;
				DEVELOPMENT_ASSET_PATHS = "\"Swift_Movie_Library/Preview Content\"";
				ENABLE_PREVIEWS = YES;
				GENERATE_INFOPLIST_FILE = YES;
				INFOPLIST_KEY_UIApplicationSceneManifest_Generation = YES;
				INFOPLIST_KEY_UIApplicationSupportsIndirectInputEvents = YES;
				INFOPLIST_KEY_UILaunchScreen_Generation = YES;
				INFOPLIST_KEY_UISupportedInterfaceOrientations_iPad = "UIInterfaceOrientationPortrait UIInterfaceOrientationPortraitUpsideDown UIInterfaceOrientationLandscapeLeft UIInterfaceOrientationLandscapeRight";
				INFOPLIST_KEY_UISupportedInterfaceOrientations_iPhone = "UIInterfaceOrientationPortrait UIInterfaceOrientationLandscapeLeft UIInterfaceOrientationLandscapeRight";
				LD_RUNPATH_SEARCH_PATHS = (
					"$(inherited)",
					"@executable_path/Frameworks",
				);
				MARKETING_VERSION = 1.0;
				PRODUCT_BUNDLE_IDENTIFIER = "com.yourname..Swift-Movie-Library";
				PRODUCT_NAME = "$(TARGET_NAME)";
				SWIFT_EMIT_LOC_STRINGS = YES;
				SWIFT_VERSION = 5.0;
				TARGETED_DEVICE_FAMILY = "1,2";
			};
			name = Debug;
		};
		AB77FA7F2D51189800FD7134 /* Release */ = {
			isa = XCBuildConfiguration;
			buildSettings = {
				ASSETCATALOG_COMPILER_APPICON_NAME = AppIcon;
				ASSETCATALOG_COMPILER_GLOBAL_ACCENT_COLOR_NAME = AccentColor;
				CODE_SIGN_STYLE = Automatic;
				CURRENT_PROJECT_VERSION = 1;
				DEVELOPMENT_ASSET_PATHS = "\"Swift_Movie_Library/Preview Content\"";
				ENABLE_PREVIEWS = YES;
				GENERATE_INFOPLIST_FILE = YES;
				INFOPLIST_KEY_UIApplicationSceneManifest_Generation = YES;
				INFOPLIST_KEY_UIApplicationSupportsIndirectInputEvents = YES;
				INFOPLIST_KEY_UILaunchScreen_Generation = YES;
				INFOPLIST_KEY_UISupportedInterfaceOrientations_iPad = "UIInterfaceOrientationPortrait UIInterfaceOrientationPortraitUpsideDown UIInterfaceOrientationLandscapeLeft UIInterfaceOrientationLandscapeRight";
				INFOPLIST_KEY_UISupportedInterfaceOrientations_iPhone = "UIInterfaceOrientationPortrait UIInterfaceOrientationLandscapeLeft UIInterfaceOrientationLandscapeRight";
				LD_RUNPATH_SEARCH_PATHS = (
					"$(inherited)",
					"@executable_path/Frameworks",
				);
				MARKETING_VERSION = 1.0;
				PRODUCT_BUNDLE_IDENTIFIER = "com.yourname..Swift-Movie-Library";
				PRODUCT_NAME = "$(TARGET_NAME)";
				SWIFT_EMIT_LOC_STRINGS = YES;
				SWIFT_VERSION = 5.0;
				TARGETED_DEVICE_FAMILY = "1,2";
			};
			name = Release;
		};
		AB77FA812D51189800FD7134 /* Debug */ = {
			isa = XCBuildConfiguration;
			buildSettings = {
				BUNDLE_LOADER = "$(TEST_HOST)";
				CODE_SIGN_STYLE = Automatic;
				CURRENT_PROJECT_VERSION = 1;
				GENERATE_INFOPLIST_FILE = YES;
				IPHONEOS_DEPLOYMENT_TARGET = 18.2;
				MARKETING_VERSION = 1.0;
				PRODUCT_BUNDLE_IDENTIFIER = "com.yourname..Swift-Movie-LibraryTests";
				PRODUCT_NAME = "$(TARGET_NAME)";
				SWIFT_EMIT_LOC_STRINGS = NO;
				SWIFT_VERSION = 5.0;
				TARGETED_DEVICE_FAMILY = "1,2";
				TEST_HOST = "$(BUILT_PRODUCTS_DIR)/Swift_Movie_Library.app/$(BUNDLE_EXECUTABLE_FOLDER_PATH)/Swift_Movie_Library";
			};
			name = Debug;
		};
		AB77FA822D51189800FD7134 /* Release */ = {
			isa = XCBuildConfiguration;
			buildSettings = {
				BUNDLE_LOADER = "$(TEST_HOST)";
				CODE_SIGN_STYLE = Automatic;
				CURRENT_PROJECT_VERSION = 1;
				GENERATE_INFOPLIST_FILE = YES;
				IPHONEOS_DEPLOYMENT_TARGET = 18.2;
				MARKETING_VERSION = 1.0;
				PRODUCT_BUNDLE_IDENTIFIER = "com.yourname..Swift-Movie-LibraryTests";
				PRODUCT_NAME = "$(TARGET_NAME)";
				SWIFT_EMIT_LOC_STRINGS = NO;
				SWIFT_VERSION = 5.0;
				TARGETED_DEVICE_FAMILY = "1,2";
				TEST_HOST = "$(BUILT_PRODUCTS_DIR)/Swift_Movie_Library.app/$(BUNDLE_EXECUTABLE_FOLDER_PATH)/Swift_Movie_Library";
			};
			name = Release;
		};
		AB77FA842D51189800FD7134 /* Debug */ = {
			isa = XCBuildConfiguration;
			buildSettings = {
				CODE_SIGN_STYLE = Automatic;
				CURRENT_PROJECT_VERSION = 1;
				GENERATE_INFOPLIST_FILE = YES;
				MARKETING_VERSION = 1.0;
				PRODUCT_BUNDLE_IDENTIFIER = "com.yourname..Swift-Movie-LibraryUITests";
				PRODUCT_NAME = "$(TARGET_NAME)";
				SWIFT_EMIT_LOC_STRINGS = NO;
				SWIFT_VERSION = 5.0;
				TARGETED_DEVICE_FAMILY = "1,2";
				TEST_TARGET_NAME = Swift_Movie_Library;
			};
			name = Debug;
		};
		AB77FA852D51189800FD7134 /* Release */ = {
			isa = XCBuildConfiguration;
			buildSettings = {
				CODE_SIGN_STYLE = Automatic;
				CURRENT_PROJECT_VERSION = 1;
				GENERATE_INFOPLIST_FILE = YES;
				MARKETING_VERSION = 1.0;
				PRODUCT_BUNDLE_IDENTIFIER = "com.yourname..Swift-Movie-LibraryUITests";
				PRODUCT_NAME = "$(TARGET_NAME)";
				SWIFT_EMIT_LOC_STRINGS = NO;
				SWIFT_VERSION = 5.0;
				TARGETED_DEVICE_FAMILY = "1,2";
				TEST_TARGET_NAME = Swift_Movie_Library;
			};
			name = Release;
		};
/* End XCBuildConfiguration section */

/* Begin XCConfigurationList section */
		AB77FA4F2D51189600FD7134 /* Build configuration list for PBXProject "Swift_Movie_Library" */ = {
			isa = XCConfigurationList;
			buildConfigurations = (
				AB77FA7B2D51189800FD7134 /* Debug */,
				AB77FA7C2D51189800FD7134 /* Release */,
			);
			defaultConfigurationIsVisible = 0;
			defaultConfigurationName = Release;
		};
		AB77FA7D2D51189800FD7134 /* Build configuration list for PBXNativeTarget "Swift_Movie_Library" */ = {
			isa = XCConfigurationList;
			buildConfigurations = (
				AB77FA7E2D51189800FD7134 /* Debug */,
				AB77FA7F2D51189800FD7134 /* Release */,
			);
			defaultConfigurationIsVisible = 0;
			defaultConfigurationName = Release;
		};
		AB77FA802D51189800FD7134 /* Build configuration list for PBXNativeTarget "Swift_Movie_LibraryTests" */ = {
			isa = XCConfigurationList;
			buildConfigurations = (
				AB77FA812D51189800FD7134 /* Debug */,
				AB77FA822D51189800FD7134 /* Release */,
			);
			defaultConfigurationIsVisible = 0;
			defaultConfigurationName = Release;
		};
		AB77FA832D51189800FD7134 /* Build configuration list for PBXNativeTarget "Swift_Movie_LibraryUITests" */ = {
			isa = XCConfigurationList;
			buildConfigurations = (
				AB77FA842D51189800FD7134 /* Debug */,
				AB77FA852D51189800FD7134 /* Release */,
			);
			defaultConfigurationIsVisible = 0;
			defaultConfigurationName = Release;
		};
/* End XCConfigurationList section */
	};
	rootObject = AB77FA4C2D51189600FD7134 /* Project object */;
}
